
Microsoft Visual Studio Solution File, Format Version 12.00
# Visual Studio 15
VisualStudioVersion = 15.0.28307.757
MinimumVisualStudioVersion = 10.0.40219.1
Project("{FAE04EC0-301F-11D3-BF4B-00C04F79EFBC}") = "MSMS", "MSMS\MSMS.csproj", "{8E8AC94A-19EC-4788-ADBE-240C1569A529}"
EndProject
Global
	GlobalSection(SolutionConfigurationPlatforms) = preSolution
		Debug|Any CPU = Debug|Any CPU
		Release|Any CPU = Release|Any CPU
	EndGlobalSection
	GlobalSection(ProjectConfigurationPlatforms) = postSolution
		{8E8AC94A-19EC-4788-ADBE-240C1569A529}.Debug|Any CPU.ActiveCfg = Debug|Any CPU
		{8E8AC94A-19EC-4788-ADBE-240C1569A529}.Debug|Any CPU.Build.0 = Debug|Any CPU
		{8E8AC94A-19EC-4788-ADBE-240C1569A529}.Release|Any CPU.ActiveCfg = Release|Any CPU
		{8E8AC94A-19EC-4788-ADBE-240C1569A529}.Release|Any CPU.Build.0 = Release|Any CPU
	EndGlobalSection
	GlobalSection(SolutionProperties) = preSolution
		HideSolutionNode = FALSE
	EndGlobalSection
	GlobalSection(ExtensibilityGlobals) = postSolution
		SolutionGuid = {AEC45358-7A22-4FE6-B108-63083EC4100D}
	EndGlobalSection
EndGlobal
